# THIS IS AN AUTOGENERATED FILE. DO NOT EDIT THIS FILE DIRECTLY.
# yarn lockfile v1


prettier@^2.5.1:
  version "2.6.2"
  resolved "https://registry.npmjs.org/prettier/-/prettier-2.6.2.tgz#e26d71a18a74c3d0f0597f55f01fb6c06c206032"
  integrity sha512-PkUpF+qoXTqhOeWL9fu7As8LXsIUZ1WYaJiY/a7McAQzxjk82OF0tibkFXVCDImZtWxbvojFjerkiLb0/q8mew==

turbo-darwin-64@1.1.10:
  version "1.1.10"
  resolved "https://registry.npmjs.org/turbo-darwin-64/-/turbo-darwin-64-1.1.10.tgz#926bb5ddbd6be8c400f4a183b5a9b33ccba37d12"
  integrity sha512-MY/1mHg+tS/GaZKG805e5JSGNS8A4j/M2GzLwCbNL+lwGMfneNASri1vAd80ss3T2MgMsfsFMVyIQJljqpDBvA==

turbo-darwin-arm64@1.1.10:
  version "1.1.10"
  resolved "https://registry.npmjs.org/turbo-darwin-arm64/-/turbo-darwin-arm64-1.1.10.tgz#f4c0a9dd9a2108ce5c6d04d6fea8260902a758da"
  integrity sha512-gMPLseYqGKwdy6UHVWKMLA433ZTfQRV5FlYz5n4XVtx30cF6ajOqq12ykeCUUX/lZkH4Uq5zT0tNEYpUhUw7mA==

turbo-freebsd-64@1.1.10:
  version "1.1.10"
  resolved "https://registry.npmjs.org/turbo-freebsd-64/-/turbo-freebsd-64-1.1.10.tgz#3e460c3a58b61b1f7e15acc219764a07cc54e439"
  integrity sha512-wra27mvakr5ZFceQnCCSR8gHQtKV8Q0EhtzO/wEdyhEssw0wVaNtMHUOOdvFN0HLmjQmmLZgmfZbURc83UDuZQ==

turbo-freebsd-arm64@1.1.10:
  version "1.1.10"
  resolved "https://registry.npmjs.org/turbo-freebsd-arm64/-/turbo-freebsd-arm64-1.1.10.tgz#b96fd519cbd09a721936ead72ab9ec591f6488dc"
  integrity sha512-J2I76pTwtrEVjHt1+zWY/s/Y0YIGdWHBIWOjhCXi1E8dav98oGw+WUaiFwzAkcksAblOhNpDL3qhnrnm7kHqrg==

turbo-linux-32@1.1.10:
  version "1.1.10"
  resolved "https://registry.npmjs.org/turbo-linux-32/-/turbo-linux-32-1.1.10.tgz#f69dfcd972b5879832c4f4b9b151d3497d0f6115"
  integrity sha512-d1ILhEv2B/lOtpH4niFUKGb8YMU6G7gNCQCY6wG+SXARWJtDti+KiNWESechD5DycCIMgtE40XNy/c1US+LI5g==

turbo-linux-64@1.1.10:
  version "1.1.10"
  resolved "https://registry.npmjs.org/turbo-linux-64/-/turbo-linux-64-1.1.10.tgz#cf1e1ff4a52f9ceaf49393e83c1e8927bc5d991d"
  integrity sha512-8VEOiNJFNfUMZOyrN32wOcdT1Ik1nlIuTwkO4UeonAJhuWjTvdDLPCQkz0SECTu60q90l6nXCnNYtoZA6LrZzA==

turbo-linux-arm64@1.1.10:
  version "1.1.10"
  resolved "https://registry.npmjs.org/turbo-linux-arm64/-/turbo-linux-arm64-1.1.10.tgz#2d1e927655536fb220bb09bacb9b61135c399b57"
  integrity sha512-ng3dEEL4SbBudF/UZzsOrfyJh8DLtTHawTepeS30FdtvYuVBXdCPc5BAhbawGoau/2AV4vrN3qzh9e3LCqD6Qg==

turbo-linux-arm@1.1.10:
  version "1.1.10"
  resolved "https://registry.npmjs.org/turbo-linux-arm/-/turbo-linux-arm-1.1.10.tgz#04d4c80b2b17b612481166eb33db56123e9882d8"
  integrity sha512-qJ50K/s5MjpHjam+UdnK3GniEIv5XOBCZOGslgMMyz8V/q43vhB9BU9HQODclM89uQgsKxhs8Fue6ytOY4vIpg==

turbo-linux-mips64le@1.1.10:
  version "1.1.10"
  resolved "https://registry.npmjs.org/turbo-linux-mips64le/-/turbo-linux-mips64le-1.1.10.tgz#60b832615e980fd4d215e39adf33818dd25c8021"
  integrity sha512-Jd4yH7ZEXCo0xmdJWZ6YsyqcNLyL5vRU3j5ZT+1W97YJCT+g+1on3/nd3rBVPzVz52lb8JIqgGtrBrnOO0AWJg==

turbo-linux-ppc64le@1.1.10:
  version "1.1.10"
  resolved "https://registry.npmjs.org/turbo-linux-ppc64le/-/turbo-linux-ppc64le-1.1.10.tgz#9b7bbe1ccd7fdc655f5c5bbea79f6762b35723e5"
  integrity sha512-YF8+Oi53glqY29O1A7KJsHZxBzeVBobYFnPEXMt8vm+ouuo8kkbxXxShOP4h+33YGEkesTw/CTXtfDC1Xj1hDw==

turbo-windows-32@1.1.10:
  version "1.1.10"
  resolved "https://registry.npmjs.org/turbo-windows-32/-/turbo-windows-32-1.1.10.tgz#769ea82701f8c50d2f104c97cf49dbae1b531c6a"
  integrity sha512-IO92tVTCtWVPPgcCjf8J7AmBEcwnjv1zPq7t9GFdqZ/6QA06atgPJNzQ/QvyzbzJgUsJUN2ByzwT04o4QUbrBQ==

turbo-windows-64@1.1.10:
  version "1.1.10"
  resolved "https://registry.npmjs.org/turbo-windows-64/-/turbo-windows-64-1.1.10.tgz#f30fb122a0241a328e1f935e2f581816896230b9"
  integrity sha512-g/RIXaVDaOgliHEJuOsuB6Tefwue9fXBH1/iIH9dmT3Z7lL0banGh+C10RW6Jd6PBPMoPBWir9PLYuzxoPcCNQ==

turbo@^1.1.10:
  version "1.1.10"
  resolved "https://registry.npmjs.org/turbo/-/turbo-1.1.10.tgz#caf01501cf4e8dabd0c1b40c6569b83935cee945"
  integrity sha512-y8vx8uIyBRFI3aFjZ3PeGaOvYtNk6t7xNLzRsPY+xtnknTeqdBad56ElS8z+j0RyVwKCvI+wgvTHGkEle4VnJA==
  optionalDependencies:
    turbo-darwin-64 "1.1.10"
    turbo-darwin-arm64 "1.1.10"
    turbo-freebsd-64 "1.1.10"
    turbo-freebsd-arm64 "1.1.10"
    turbo-linux-32 "1.1.10"
    turbo-linux-64 "1.1.10"
    turbo-linux-arm "1.1.10"
    turbo-linux-arm64 "1.1.10"
    turbo-linux-mips64le "1.1.10"
    turbo-linux-ppc64le "1.1.10"
    turbo-windows-32 "1.1.10"
    turbo-windows-64 "1.1.10"
